// !$*UTF8*$!
{
	archiveVersion = 1;
	classes = {
	};
	objectVersion = 48;
	objects = {

/* Begin PBXBuildFile section */
		D1D4EF71FE627DE4F2DEFA37 /* Pods_EZHack.framework in Frameworks */ = {isa = PBXBuildFile; fileRef = 887B89DCE2EEEE8358D72994 /* Pods_EZHack.framework */; };
		DE611037208B38BD00AD226F /* PlaceProvider.swift in Sources */ = {isa = PBXBuildFile; fileRef = DE611036208B38BD00AD226F /* PlaceProvider.swift */; };
		DE611053208B392F00AD226F /* Alamofire.framework in Frameworks */ = {isa = PBXBuildFile; fileRef = DE611045208B392200AD226F /* Alamofire.framework */; };
		DE611054208B392F00AD226F /* Alamofire.framework in Embed Frameworks */ = {isa = PBXBuildFile; fileRef = DE611045208B392200AD226F /* Alamofire.framework */; settings = {ATTRIBUTES = (CodeSignOnCopy, RemoveHeadersOnCopy, ); }; };
		DE611059208B393E00AD226F /* RequestSender.swift in Sources */ = {isa = PBXBuildFile; fileRef = DE611058208B393E00AD226F /* RequestSender.swift */; };
		DE73D85A208B2FAC0079B13E /* Logger.swift in Sources */ = {isa = PBXBuildFile; fileRef = DE73D859208B2FAC0079B13E /* Logger.swift */; };
		DE80F08B208B39AC00FB68BC /* PlaceModel.swift in Sources */ = {isa = PBXBuildFile; fileRef = DE80F08A208B39AC00FB68BC /* PlaceModel.swift */; };
		DE80F0B3208B3A1300FB68BC /* SwiftyJSON.framework in Frameworks */ = {isa = PBXBuildFile; fileRef = DE80F0A5208B3A0900FB68BC /* SwiftyJSON.framework */; };
		DE80F0B4208B3A1300FB68BC /* SwiftyJSON.framework in Embed Frameworks */ = {isa = PBXBuildFile; fileRef = DE80F0A5208B3A0900FB68BC /* SwiftyJSON.framework */; settings = {ATTRIBUTES = (CodeSignOnCopy, RemoveHeadersOnCopy, ); }; };
		DEBB3B85208A752900152C8B /* AppDelegate.swift in Sources */ = {isa = PBXBuildFile; fileRef = DEBB3B84208A752900152C8B /* AppDelegate.swift */; };
		DEBB3B87208A752900152C8B /* FeedController.swift in Sources */ = {isa = PBXBuildFile; fileRef = DEBB3B86208A752900152C8B /* FeedController.swift */; };
		DEBB3B8A208A752900152C8B /* Main.storyboard in Resources */ = {isa = PBXBuildFile; fileRef = DEBB3B88208A752900152C8B /* Main.storyboard */; };
		DEBB3B8C208A752900152C8B /* Assets.xcassets in Resources */ = {isa = PBXBuildFile; fileRef = DEBB3B8B208A752900152C8B /* Assets.xcassets */; };
		DEBB3B8F208A752900152C8B /* LaunchScreen.storyboard in Resources */ = {isa = PBXBuildFile; fileRef = DEBB3B8D208A752900152C8B /* LaunchScreen.storyboard */; };
		DED20F02208B3003002D169D /* LocationManager.swift in Sources */ = {isa = PBXBuildFile; fileRef = DED20F00208B3003002D169D /* LocationManager.swift */; };
		DED20F03208B3003002D169D /* LocationUpdateListener.swift in Sources */ = {isa = PBXBuildFile; fileRef = DED20F01208B3003002D169D /* LocationUpdateListener.swift */; };
		DED20F08208B302E002D169D /* EPType+Promise.swift in Sources */ = {isa = PBXBuildFile; fileRef = DED20F07208B302E002D169D /* EPType+Promise.swift */; };
		DED20F0A208B3031002D169D /* EPType.swift in Sources */ = {isa = PBXBuildFile; fileRef = DED20F09208B3031002D169D /* EPType.swift */; };
		DED20F0C208B3035002D169D /* Promise+Optional.swift in Sources */ = {isa = PBXBuildFile; fileRef = DED20F0B208B3035002D169D /* Promise+Optional.swift */; };
		DED20F18208B3194002D169D /* Promise.framework in Embed Frameworks */ = {isa = PBXBuildFile; fileRef = DE73D855208B2F0D0079B13E /* Promise.framework */; settings = {ATTRIBUTES = (CodeSignOnCopy, RemoveHeadersOnCopy, ); }; };
		DED20F1C208B3194002D169D /* SwiftyBeaver.framework in Embed Frameworks */ = {isa = PBXBuildFile; fileRef = DE73D864208B2FBC0079B13E /* SwiftyBeaver.framework */; settings = {ATTRIBUTES = (CodeSignOnCopy, RemoveHeadersOnCopy, ); }; };
/* End PBXBuildFile section */

/* Begin PBXContainerItemProxy section */
		DE611044208B392200AD226F /* PBXContainerItemProxy */ = {
			isa = PBXContainerItemProxy;
			containerPortal = DE611039208B392100AD226F /* Alamofire.xcodeproj */;
			proxyType = 2;
			remoteGlobalIDString = F8111E3319A95C8B0040E7D1;
			remoteInfo = "Alamofire iOS";
		};
		DE611046208B392200AD226F /* PBXContainerItemProxy */ = {
			isa = PBXContainerItemProxy;
			containerPortal = DE611039208B392100AD226F /* Alamofire.xcodeproj */;
			proxyType = 2;
			remoteGlobalIDString = F8111E3E19A95C8B0040E7D1;
			remoteInfo = "Alamofire iOS Tests";
		};
		DE611048208B392200AD226F /* PBXContainerItemProxy */ = {
			isa = PBXContainerItemProxy;
			containerPortal = DE611039208B392100AD226F /* Alamofire.xcodeproj */;
			proxyType = 2;
			remoteGlobalIDString = 4DD67C0B1A5C55C900ED2280;
			remoteInfo = "Alamofire macOS";
		};
		DE61104A208B392200AD226F /* PBXContainerItemProxy */ = {
			isa = PBXContainerItemProxy;
			containerPortal = DE611039208B392100AD226F /* Alamofire.xcodeproj */;
			proxyType = 2;
			remoteGlobalIDString = F829C6B21A7A94F100A2CD59;
			remoteInfo = "Alamofire macOS Tests";
		};
		DE61104C208B392200AD226F /* PBXContainerItemProxy */ = {
			isa = PBXContainerItemProxy;
			containerPortal = DE611039208B392100AD226F /* Alamofire.xcodeproj */;
			proxyType = 2;
			remoteGlobalIDString = 4CF626EF1BA7CB3E0011A099;
			remoteInfo = "Alamofire tvOS";
		};
		DE61104E208B392200AD226F /* PBXContainerItemProxy */ = {
			isa = PBXContainerItemProxy;
			containerPortal = DE611039208B392100AD226F /* Alamofire.xcodeproj */;
			proxyType = 2;
			remoteGlobalIDString = 4CF626F81BA7CB3E0011A099;
			remoteInfo = "Alamofire tvOS Tests";
		};
		DE611050208B392200AD226F /* PBXContainerItemProxy */ = {
			isa = PBXContainerItemProxy;
			containerPortal = DE611039208B392100AD226F /* Alamofire.xcodeproj */;
			proxyType = 2;
			remoteGlobalIDString = E4202FE01B667AA100C997FB;
			remoteInfo = "Alamofire watchOS";
		};
		DE611055208B392F00AD226F /* PBXContainerItemProxy */ = {
			isa = PBXContainerItemProxy;
			containerPortal = DE611039208B392100AD226F /* Alamofire.xcodeproj */;
			proxyType = 1;
			remoteGlobalIDString = F8111E3219A95C8B0040E7D1;
			remoteInfo = "Alamofire iOS";
		};
		DE73D854208B2F0D0079B13E /* PBXContainerItemProxy */ = {
			isa = PBXContainerItemProxy;
			containerPortal = DE73D84E208B2F0D0079B13E /* Promise.xcodeproj */;
			proxyType = 2;
			remoteGlobalIDString = 3454F9CE1D4FACD000985BBF;
			remoteInfo = Promise;
		};
		DE73D856208B2F0D0079B13E /* PBXContainerItemProxy */ = {
			isa = PBXContainerItemProxy;
			containerPortal = DE73D84E208B2F0D0079B13E /* Promise.xcodeproj */;
			proxyType = 2;
			remoteGlobalIDString = 3454F9D81D4FACD000985BBF;
			remoteInfo = PromiseTests;
		};
		DE73D863208B2FBC0079B13E /* PBXContainerItemProxy */ = {
			isa = PBXContainerItemProxy;
			containerPortal = DE73D85B208B2FBC0079B13E /* SwiftyBeaver.xcodeproj */;
			proxyType = 2;
			remoteGlobalIDString = 9EDCE3E41C09D211002FA4A7;
			remoteInfo = "SwiftyBeaver (iOS)";
		};
		DE73D865208B2FBC0079B13E /* PBXContainerItemProxy */ = {
			isa = PBXContainerItemProxy;
			containerPortal = DE73D85B208B2FBC0079B13E /* SwiftyBeaver.xcodeproj */;
			proxyType = 2;
			remoteGlobalIDString = 9EDCE3EE1C09D211002FA4A7;
			remoteInfo = SwiftyBeaverTests;
		};
		DE73D867208B2FBC0079B13E /* PBXContainerItemProxy */ = {
			isa = PBXContainerItemProxy;
			containerPortal = DE73D85B208B2FBC0079B13E /* SwiftyBeaver.xcodeproj */;
			proxyType = 2;
			remoteGlobalIDString = ACE597841C1882DF0031451F;
			remoteInfo = "SwiftyBeaver (watchOS)";
		};
		DE73D869208B2FBC0079B13E /* PBXContainerItemProxy */ = {
			isa = PBXContainerItemProxy;
			containerPortal = DE73D85B208B2FBC0079B13E /* SwiftyBeaver.xcodeproj */;
			proxyType = 2;
			remoteGlobalIDString = ACE597951C18830D0031451F;
			remoteInfo = "SwiftyBeaver (tvOS)";
		};
		DE73D86B208B2FBC0079B13E /* PBXContainerItemProxy */ = {
			isa = PBXContainerItemProxy;
			containerPortal = DE73D85B208B2FBC0079B13E /* SwiftyBeaver.xcodeproj */;
			proxyType = 2;
			remoteGlobalIDString = ACE597A61C18832E0031451F;
			remoteInfo = "SwiftyBeaver (macOS)";
		};
		DE80F0A4208B3A0900FB68BC /* PBXContainerItemProxy */ = {
			isa = PBXContainerItemProxy;
			containerPortal = DE80F099208B3A0900FB68BC /* SwiftyJSON.xcodeproj */;
			proxyType = 2;
			remoteGlobalIDString = 2E4FEFDB19575BE100351305;
			remoteInfo = "SwiftyJSON iOS";
		};
		DE80F0A6208B3A0900FB68BC /* PBXContainerItemProxy */ = {
			isa = PBXContainerItemProxy;
			containerPortal = DE80F099208B3A0900FB68BC /* SwiftyJSON.xcodeproj */;
			proxyType = 2;
			remoteGlobalIDString = 2E4FEFE619575BE100351305;
			remoteInfo = "SwiftyJSON iOS Tests";
		};
		DE80F0A8208B3A0900FB68BC /* PBXContainerItemProxy */ = {
			isa = PBXContainerItemProxy;
			containerPortal = DE80F099208B3A0900FB68BC /* SwiftyJSON.xcodeproj */;
			proxyType = 2;
			remoteGlobalIDString = 9C7DFC5B1A9102BD005AA3F7;
			remoteInfo = "SwiftyJSON macOS";
		};
		DE80F0AA208B3A0900FB68BC /* PBXContainerItemProxy */ = {
			isa = PBXContainerItemProxy;
			containerPortal = DE80F099208B3A0900FB68BC /* SwiftyJSON.xcodeproj */;
			proxyType = 2;
			remoteGlobalIDString = 9C7DFC651A9102BD005AA3F7;
			remoteInfo = "SwiftyJSON macOS Tests";
		};
		DE80F0AC208B3A0900FB68BC /* PBXContainerItemProxy */ = {
			isa = PBXContainerItemProxy;
			containerPortal = DE80F099208B3A0900FB68BC /* SwiftyJSON.xcodeproj */;
			proxyType = 2;
			remoteGlobalIDString = E4D7CCE81B9465A700EE7221;
			remoteInfo = "SwiftyJSON watchOS";
		};
		DE80F0AE208B3A0900FB68BC /* PBXContainerItemProxy */ = {
			isa = PBXContainerItemProxy;
			containerPortal = DE80F099208B3A0900FB68BC /* SwiftyJSON.xcodeproj */;
			proxyType = 2;
			remoteGlobalIDString = 7236B4F61BAC14150020529B;
			remoteInfo = "SwiftyJSON tvOS";
		};
		DE80F0B0208B3A0900FB68BC /* PBXContainerItemProxy */ = {
			isa = PBXContainerItemProxy;
			containerPortal = DE80F099208B3A0900FB68BC /* SwiftyJSON.xcodeproj */;
			proxyType = 2;
			remoteGlobalIDString = A8580F741BCF5C5B00DA927B;
			remoteInfo = "SwiftyJSON tvOS Tests";
		};
		DE80F0B5208B3A1300FB68BC /* PBXContainerItemProxy */ = {
			isa = PBXContainerItemProxy;
			containerPortal = DE80F099208B3A0900FB68BC /* SwiftyJSON.xcodeproj */;
			proxyType = 1;
			remoteGlobalIDString = 2E4FEFDA19575BE100351305;
			remoteInfo = "SwiftyJSON iOS";
		};
		DED20F19208B3194002D169D /* PBXContainerItemProxy */ = {
			isa = PBXContainerItemProxy;
			containerPortal = DE73D84E208B2F0D0079B13E /* Promise.xcodeproj */;
			proxyType = 1;
			remoteGlobalIDString = 3454F9CD1D4FACD000985BBF;
			remoteInfo = Promise;
		};
		DED20F1D208B3194002D169D /* PBXContainerItemProxy */ = {
			isa = PBXContainerItemProxy;
			containerPortal = DE73D85B208B2FBC0079B13E /* SwiftyBeaver.xcodeproj */;
			proxyType = 1;
			remoteGlobalIDString = 9EDCE3E31C09D211002FA4A7;
			remoteInfo = "SwiftyBeaver (iOS)";
		};
/* End PBXContainerItemProxy section */

/* Begin PBXCopyFilesBuildPhase section */
		DED20F1F208B3194002D169D /* Embed Frameworks */ = {
			isa = PBXCopyFilesBuildPhase;
			buildActionMask = 2147483647;
			dstPath = "";
			dstSubfolderSpec = 10;
			files = (
				DE80F0B4208B3A1300FB68BC /* SwiftyJSON.framework in Embed Frameworks */,
				DED20F18208B3194002D169D /* Promise.framework in Embed Frameworks */,
				DE611054208B392F00AD226F /* Alamofire.framework in Embed Frameworks */,
				DED20F1C208B3194002D169D /* SwiftyBeaver.framework in Embed Frameworks */,
			);
			name = "Embed Frameworks";
			runOnlyForDeploymentPostprocessing = 0;
		};
/* End PBXCopyFilesBuildPhase section */

/* Begin PBXFileReference section */
		7531A13DC240221D20214AFB /* Pods-EZHack.release.xcconfig */ = {isa = PBXFileReference; includeInIndex = 1; lastKnownFileType = text.xcconfig; name = "Pods-EZHack.release.xcconfig"; path = "Pods/Target Support Files/Pods-EZHack/Pods-EZHack.release.xcconfig"; sourceTree = "<group>"; };
		887B89DCE2EEEE8358D72994 /* Pods_EZHack.framework */ = {isa = PBXFileReference; explicitFileType = wrapper.framework; includeInIndex = 0; path = Pods_EZHack.framework; sourceTree = BUILT_PRODUCTS_DIR; };
		D8ECF0B79B468DAADB8A320E /* Pods-EZHack.debug.xcconfig */ = {isa = PBXFileReference; includeInIndex = 1; lastKnownFileType = text.xcconfig; name = "Pods-EZHack.debug.xcconfig"; path = "Pods/Target Support Files/Pods-EZHack/Pods-EZHack.debug.xcconfig"; sourceTree = "<group>"; };
		DE309C98208B349800441E1E /* Accelerate.framework */ = {isa = PBXFileReference; lastKnownFileType = wrapper.framework; name = Accelerate.framework; path = System/Library/Frameworks/Accelerate.framework; sourceTree = SDKROOT; };
		DE309C9A208B34A000441E1E /* CoreData.framework */ = {isa = PBXFileReference; lastKnownFileType = wrapper.framework; name = CoreData.framework; path = System/Library/Frameworks/CoreData.framework; sourceTree = SDKROOT; };
		DE309C9C208B34A400441E1E /* CoreGraphics.framework */ = {isa = PBXFileReference; lastKnownFileType = wrapper.framework; name = CoreGraphics.framework; path = System/Library/Frameworks/CoreGraphics.framework; sourceTree = SDKROOT; };
		DE309C9E208B34A900441E1E /* CoreLocation.framework */ = {isa = PBXFileReference; lastKnownFileType = wrapper.framework; name = CoreLocation.framework; path = System/Library/Frameworks/CoreLocation.framework; sourceTree = SDKROOT; };
		DE309CA0208B34B000441E1E /* CoreText.framework */ = {isa = PBXFileReference; lastKnownFileType = wrapper.framework; name = CoreText.framework; path = System/Library/Frameworks/CoreText.framework; sourceTree = SDKROOT; };
		DE309CA2208B34B600441E1E /* GLKit.framework */ = {isa = PBXFileReference; lastKnownFileType = wrapper.framework; name = GLKit.framework; path = System/Library/Frameworks/GLKit.framework; sourceTree = SDKROOT; };
		DE309CA4208B34BC00441E1E /* ImageIO.framework */ = {isa = PBXFileReference; lastKnownFileType = wrapper.framework; name = ImageIO.framework; path = System/Library/Frameworks/ImageIO.framework; sourceTree = SDKROOT; };
		DE309CA6208B34C700441E1E /* libc++.tbd */ = {isa = PBXFileReference; lastKnownFileType = "sourcecode.text-based-dylib-definition"; name = "libc++.tbd"; path = "usr/lib/libc++.tbd"; sourceTree = SDKROOT; };
		DE309CA8208B34CD00441E1E /* libz.tbd */ = {isa = PBXFileReference; lastKnownFileType = "sourcecode.text-based-dylib-definition"; name = libz.tbd; path = usr/lib/libz.tbd; sourceTree = SDKROOT; };
		DE309CAA208B34D300441E1E /* OpenGLES.framework */ = {isa = PBXFileReference; lastKnownFileType = wrapper.framework; name = OpenGLES.framework; path = System/Library/Frameworks/OpenGLES.framework; sourceTree = SDKROOT; };
		DE309CAC208B34D900441E1E /* QuartzCore.framework */ = {isa = PBXFileReference; lastKnownFileType = wrapper.framework; name = QuartzCore.framework; path = System/Library/Frameworks/QuartzCore.framework; sourceTree = SDKROOT; };
		DE309CAE208B34DF00441E1E /* SystemConfiguration.framework */ = {isa = PBXFileReference; lastKnownFileType = wrapper.framework; name = SystemConfiguration.framework; path = System/Library/Frameworks/SystemConfiguration.framework; sourceTree = SDKROOT; };
		DE309CB0208B34E300441E1E /* UIKit.framework */ = {isa = PBXFileReference; lastKnownFileType = wrapper.framework; name = UIKit.framework; path = System/Library/Frameworks/UIKit.framework; sourceTree = SDKROOT; };
		DE611036208B38BD00AD226F /* PlaceProvider.swift */ = {isa = PBXFileReference; lastKnownFileType = sourcecode.swift; path = PlaceProvider.swift; sourceTree = "<group>"; };
		DE611039208B392100AD226F /* Alamofire.xcodeproj */ = {isa = PBXFileReference; lastKnownFileType = "wrapper.pb-project"; name = Alamofire.xcodeproj; path = ../../../../Lib/Alamofire/Alamofire.xcodeproj; sourceTree = "<group>"; };
		DE611058208B393E00AD226F /* RequestSender.swift */ = {isa = PBXFileReference; lastKnownFileType = sourcecode.swift; path = RequestSender.swift; sourceTree = "<group>"; };
		DE73D84E208B2F0D0079B13E /* Promise.xcodeproj */ = {isa = PBXFileReference; lastKnownFileType = "wrapper.pb-project"; name = Promise.xcodeproj; path = ../../../../Lib/Promise/Promise.xcodeproj; sourceTree = "<group>"; };
		DE73D859208B2FAC0079B13E /* Logger.swift */ = {isa = PBXFileReference; fileEncoding = 4; lastKnownFileType = sourcecode.swift; path = Logger.swift; sourceTree = "<group>"; };
		DE73D85B208B2FBC0079B13E /* SwiftyBeaver.xcodeproj */ = {isa = PBXFileReference; lastKnownFileType = "wrapper.pb-project"; name = SwiftyBeaver.xcodeproj; path = ../../../../Lib/SwiftyBeaver/SwiftyBeaver.xcodeproj; sourceTree = "<group>"; };
		DE80F08A208B39AC00FB68BC /* PlaceModel.swift */ = {isa = PBXFileReference; lastKnownFileType = sourcecode.swift; path = PlaceModel.swift; sourceTree = "<group>"; };
		DE80F099208B3A0900FB68BC /* SwiftyJSON.xcodeproj */ = {isa = PBXFileReference; lastKnownFileType = "wrapper.pb-project"; name = SwiftyJSON.xcodeproj; path = ../../../../Lib/SwiftyJSON/SwiftyJSON.xcodeproj; sourceTree = "<group>"; };
		DEBB3B81208A752900152C8B /* EZHack.app */ = {isa = PBXFileReference; explicitFileType = wrapper.application; includeInIndex = 0; path = EZHack.app; sourceTree = BUILT_PRODUCTS_DIR; };
		DEBB3B84208A752900152C8B /* AppDelegate.swift */ = {isa = PBXFileReference; lastKnownFileType = sourcecode.swift; path = AppDelegate.swift; sourceTree = "<group>"; };
		DEBB3B86208A752900152C8B /* FeedController.swift */ = {isa = PBXFileReference; lastKnownFileType = sourcecode.swift; path = FeedController.swift; sourceTree = "<group>"; };
		DEBB3B89208A752900152C8B /* Base */ = {isa = PBXFileReference; lastKnownFileType = file.storyboard; name = Base; path = Base.lproj/Main.storyboard; sourceTree = "<group>"; };
		DEBB3B8B208A752900152C8B /* Assets.xcassets */ = {isa = PBXFileReference; lastKnownFileType = folder.assetcatalog; path = Assets.xcassets; sourceTree = "<group>"; };
		DEBB3B8E208A752900152C8B /* Base */ = {isa = PBXFileReference; lastKnownFileType = file.storyboard; name = Base; path = Base.lproj/LaunchScreen.storyboard; sourceTree = "<group>"; };
		DEBB3B90208A752900152C8B /* Info.plist */ = {isa = PBXFileReference; lastKnownFileType = text.plist.xml; path = Info.plist; sourceTree = "<group>"; };
		DED20F00208B3003002D169D /* LocationManager.swift */ = {isa = PBXFileReference; fileEncoding = 4; lastKnownFileType = sourcecode.swift; path = LocationManager.swift; sourceTree = "<group>"; };
		DED20F01208B3003002D169D /* LocationUpdateListener.swift */ = {isa = PBXFileReference; fileEncoding = 4; lastKnownFileType = sourcecode.swift; path = LocationUpdateListener.swift; sourceTree = "<group>"; };
		DED20F07208B302E002D169D /* EPType+Promise.swift */ = {isa = PBXFileReference; fileEncoding = 4; lastKnownFileType = sourcecode.swift; path = "EPType+Promise.swift"; sourceTree = "<group>"; };
		DED20F09208B3031002D169D /* EPType.swift */ = {isa = PBXFileReference; fileEncoding = 4; lastKnownFileType = sourcecode.swift; path = EPType.swift; sourceTree = "<group>"; };
		DED20F0B208B3035002D169D /* Promise+Optional.swift */ = {isa = PBXFileReference; fileEncoding = 4; lastKnownFileType = sourcecode.swift; path = "Promise+Optional.swift"; sourceTree = "<group>"; };
		DED20F21208B33AE002D169D /* GooglePlaces.framework */ = {isa = PBXFileReference; lastKnownFileType = wrapper.framework; name = GooglePlaces.framework; path = "EZHack/lib/Google/GooglePlaces-2.0.1/Frameworks/GooglePlaces.framework"; sourceTree = "<group>"; };
		DED20F23208B33BF002D169D /* GoogleMapsBase.framework */ = {isa = PBXFileReference; lastKnownFileType = wrapper.framework; name = GoogleMapsBase.framework; path = "EZHack/lib/Google/GoogleMaps-2.0.1/Subspecs/Base/Frameworks/GoogleMapsBase.framework"; sourceTree = "<group>"; };
/* End PBXFileReference section */

/* Begin PBXFrameworksBuildPhase section */
		DEBB3B7E208A752900152C8B /* Frameworks */ = {
			isa = PBXFrameworksBuildPhase;
			buildActionMask = 2147483647;
			files = (
				DE611053208B392F00AD226F /* Alamofire.framework in Frameworks */,
				D1D4EF71FE627DE4F2DEFA37 /* Pods_EZHack.framework in Frameworks */,
				DE80F0B3208B3A1300FB68BC /* SwiftyJSON.framework in Frameworks */,
			);
			runOnlyForDeploymentPostprocessing = 0;
		};
/* End PBXFrameworksBuildPhase section */

/* Begin PBXGroup section */
		08144E665FE0D3CA6D4B7D8E /* Pods */ = {
			isa = PBXGroup;
			children = (
				D8ECF0B79B468DAADB8A320E /* Pods-EZHack.debug.xcconfig */,
				7531A13DC240221D20214AFB /* Pods-EZHack.release.xcconfig */,
			);
			name = Pods;
			sourceTree = "<group>";
		};
		DE611035208B384600AD226F /* Place */ = {
			isa = PBXGroup;
			children = (
				DE611036208B38BD00AD226F /* PlaceProvider.swift */,
				DE80F08A208B39AC00FB68BC /* PlaceModel.swift */,
			);
			path = Place;
			sourceTree = "<group>";
		};
		DE61103A208B392100AD226F /* Products */ = {
			isa = PBXGroup;
			children = (
				DE611045208B392200AD226F /* Alamofire.framework */,
				DE611047208B392200AD226F /* Alamofire iOS Tests.xctest */,
				DE611049208B392200AD226F /* Alamofire.framework */,
				DE61104B208B392200AD226F /* Alamofire macOS Tests.xctest */,
				DE61104D208B392200AD226F /* Alamofire.framework */,
				DE61104F208B392200AD226F /* Alamofire tvOS Tests.xctest */,
				DE611051208B392200AD226F /* Alamofire.framework */,
			);
			name = Products;
			sourceTree = "<group>";
		};
		DE611057208B393600AD226F /* Network */ = {
			isa = PBXGroup;
			children = (
				DE611058208B393E00AD226F /* RequestSender.swift */,
			);
			path = Network;
			sourceTree = "<group>";
		};
		DE73D848208B2EAF0079B13E /* lib */ = {
			isa = PBXGroup;
			children = (
				DE80F099208B3A0900FB68BC /* SwiftyJSON.xcodeproj */,
				DE611039208B392100AD226F /* Alamofire.xcodeproj */,
				DE73D84E208B2F0D0079B13E /* Promise.xcodeproj */,
				DE73D85B208B2FBC0079B13E /* SwiftyBeaver.xcodeproj */,
			);
			path = lib;
			sourceTree = "<group>";
		};
		DE73D849208B2EB20079B13E /* Presentation */ = {
			isa = PBXGroup;
			children = (
				DE73D84C208B2EC40079B13E /* Feed */,
			);
			path = Presentation;
			sourceTree = "<group>";
		};
		DE73D84A208B2EB60079B13E /* Art */ = {
			isa = PBXGroup;
			children = (
				DEBB3B8B208A752900152C8B /* Assets.xcassets */,
			);
			path = Art;
			sourceTree = "<group>";
		};
		DE73D84B208B2EBD0079B13E /* Service */ = {
			isa = PBXGroup;
			children = (
				DE611057208B393600AD226F /* Network */,
				DE611035208B384600AD226F /* Place */,
				DED20EFF208B3003002D169D /* Location */,
			);
			path = Service;
			sourceTree = "<group>";
		};
		DE73D84C208B2EC40079B13E /* Feed */ = {
			isa = PBXGroup;
			children = (
				DE73D84D208B2EC80079B13E /* View */,
				DEBB3B86208A752900152C8B /* FeedController.swift */,
			);
			path = Feed;
			sourceTree = "<group>";
		};
		DE73D84D208B2EC80079B13E /* View */ = {
			isa = PBXGroup;
			children = (
				DEBB3B88208A752900152C8B /* Main.storyboard */,
			);
			path = View;
			sourceTree = "<group>";
		};
		DE73D84F208B2F0D0079B13E /* Products */ = {
			isa = PBXGroup;
			children = (
				DE73D855208B2F0D0079B13E /* Promise.framework */,
				DE73D857208B2F0D0079B13E /* PromiseTests.xctest */,
			);
			name = Products;
			sourceTree = "<group>";
		};
		DE73D858208B2FA50079B13E /* Common */ = {
			isa = PBXGroup;
			children = (
				DE73D859208B2FAC0079B13E /* Logger.swift */,
			);
			path = Common;
			sourceTree = "<group>";
		};
		DE73D85C208B2FBC0079B13E /* Products */ = {
			isa = PBXGroup;
			children = (
				DE73D864208B2FBC0079B13E /* SwiftyBeaver.framework */,
				DE73D866208B2FBC0079B13E /* SwiftyBeaverTests.xctest */,
				DE73D868208B2FBC0079B13E /* SwiftyBeaver.framework */,
				DE73D86A208B2FBC0079B13E /* SwiftyBeaver.framework */,
				DE73D86C208B2FBC0079B13E /* SwiftyBeaver.framework */,
			);
			name = Products;
			sourceTree = "<group>";
		};
		DE73D86D208B2FC90079B13E /* Frameworks */ = {
			isa = PBXGroup;
			children = (
				DE309CB0208B34E300441E1E /* UIKit.framework */,
				DE309CAE208B34DF00441E1E /* SystemConfiguration.framework */,
				DE309CAC208B34D900441E1E /* QuartzCore.framework */,
				DE309CAA208B34D300441E1E /* OpenGLES.framework */,
				DE309CA8208B34CD00441E1E /* libz.tbd */,
				DE309CA6208B34C700441E1E /* libc++.tbd */,
				DE309CA4208B34BC00441E1E /* ImageIO.framework */,
				DE309CA2208B34B600441E1E /* GLKit.framework */,
				DE309CA0208B34B000441E1E /* CoreText.framework */,
				DE309C9E208B34A900441E1E /* CoreLocation.framework */,
				DE309C9C208B34A400441E1E /* CoreGraphics.framework */,
				DE309C9A208B34A000441E1E /* CoreData.framework */,
				DE309C98208B349800441E1E /* Accelerate.framework */,
				DED20F23208B33BF002D169D /* GoogleMapsBase.framework */,
				DED20F21208B33AE002D169D /* GooglePlaces.framework */,
				887B89DCE2EEEE8358D72994 /* Pods_EZHack.framework */,
			);
			name = Frameworks;
			sourceTree = "<group>";
		};
		DE80F09A208B3A0900FB68BC /* Products */ = {
			isa = PBXGroup;
			children = (
				DE80F0A5208B3A0900FB68BC /* SwiftyJSON.framework */,
				DE80F0A7208B3A0900FB68BC /* SwiftyJSON iOS Tests.xctest */,
				DE80F0A9208B3A0900FB68BC /* SwiftyJSON.framework */,
				DE80F0AB208B3A0900FB68BC /* SwiftyJSON macOS Tests.xctest */,
				DE80F0AD208B3A0900FB68BC /* SwiftyJSON.framework */,
				DE80F0AF208B3A0900FB68BC /* SwiftyJSON.framework */,
				DE80F0B1208B3A0900FB68BC /* SwiftyJSON tvOS Tests.xctest */,
			);
			name = Products;
			sourceTree = "<group>";
		};
		DEBB3B78208A752900152C8B = {
			isa = PBXGroup;
			children = (
				DEBB3B83208A752900152C8B /* EZHack */,
				DE73D86D208B2FC90079B13E /* Frameworks */,
				DEBB3B82208A752900152C8B /* Products */,
				08144E665FE0D3CA6D4B7D8E /* Pods */,
			);
			sourceTree = "<group>";
		};
		DEBB3B82208A752900152C8B /* Products */ = {
			isa = PBXGroup;
			children = (
				DEBB3B81208A752900152C8B /* EZHack.app */,
			);
			name = Products;
			sourceTree = "<group>";
		};
		DEBB3B83208A752900152C8B /* EZHack */ = {
			isa = PBXGroup;
			children = (
				DE73D84A208B2EB60079B13E /* Art */,
				DE73D858208B2FA50079B13E /* Common */,
				DED20F04208B301D002D169D /* Extension */,
				DE73D849208B2EB20079B13E /* Presentation */,
				DE73D84B208B2EBD0079B13E /* Service */,
				DE73D848208B2EAF0079B13E /* lib */,
				DEBB3B84208A752900152C8B /* AppDelegate.swift */,
				DEBB3B90208A752900152C8B /* Info.plist */,
				DEBB3B8D208A752900152C8B /* LaunchScreen.storyboard */,
			);
			path = EZHack;
			sourceTree = "<group>";
		};
		DED20EFF208B3003002D169D /* Location */ = {
			isa = PBXGroup;
			children = (
				DED20F00208B3003002D169D /* LocationManager.swift */,
				DED20F01208B3003002D169D /* LocationUpdateListener.swift */,
			);
			path = Location;
			sourceTree = "<group>";
		};
		DED20F04208B301D002D169D /* Extension */ = {
			isa = PBXGroup;
			children = (
				DED20F06208B3026002D169D /* Promise */,
				DED20F05208B3022002D169D /* Type */,
			);
			path = Extension;
			sourceTree = "<group>";
		};
		DED20F05208B3022002D169D /* Type */ = {
			isa = PBXGroup;
			children = (
				DED20F09208B3031002D169D /* EPType.swift */,
			);
			path = Type;
			sourceTree = "<group>";
		};
		DED20F06208B3026002D169D /* Promise */ = {
			isa = PBXGroup;
			children = (
				DED20F07208B302E002D169D /* EPType+Promise.swift */,
				DED20F0B208B3035002D169D /* Promise+Optional.swift */,
			);
			path = Promise;
			sourceTree = "<group>";
		};
/* End PBXGroup section */

/* Begin PBXNativeTarget section */
		DEBB3B80208A752900152C8B /* EZHack */ = {
			isa = PBXNativeTarget;
			buildConfigurationList = DEBB3B93208A752900152C8B /* Build configuration list for PBXNativeTarget "EZHack" */;
			buildPhases = (
				B9C8640164B456C645586721 /* [CP] Check Pods Manifest.lock */,
				DEBB3B7D208A752900152C8B /* Sources */,
				DEBB3B7E208A752900152C8B /* Frameworks */,
				DEBB3B7F208A752900152C8B /* Resources */,
				DED20F1F208B3194002D169D /* Embed Frameworks */,
				75F832BC791B8A81B0E18708 /* [CP] Embed Pods Frameworks */,
				5E8BF1551BA1ADD8E51C51A5 /* [CP] Copy Pods Resources */,
			);
			buildRules = (
			);
			dependencies = (
				DED20F1A208B3194002D169D /* PBXTargetDependency */,
				DED20F1E208B3194002D169D /* PBXTargetDependency */,
				DE611056208B392F00AD226F /* PBXTargetDependency */,
				DE80F0B6208B3A1300FB68BC /* PBXTargetDependency */,
			);
			name = EZHack;
			productName = EZHack;
			productReference = DEBB3B81208A752900152C8B /* EZHack.app */;
			productType = "com.apple.product-type.application";
		};
/* End PBXNativeTarget section */

/* Begin PBXProject section */
		DEBB3B79208A752900152C8B /* Project object */ = {
			isa = PBXProject;
			attributes = {
				LastSwiftUpdateCheck = 0920;
				LastUpgradeCheck = 0920;
				ORGANIZATIONNAME = Evgeniy;
				TargetAttributes = {
					DEBB3B80208A752900152C8B = {
						CreatedOnToolsVersion = 9.2;
						ProvisioningStyle = Automatic;
					};
				};
			};
			buildConfigurationList = DEBB3B7C208A752900152C8B /* Build configuration list for PBXProject "EZHack" */;
			compatibilityVersion = "Xcode 8.0";
			developmentRegion = en;
			hasScannedForEncodings = 0;
			knownRegions = (
				en,
				Base,
			);
			mainGroup = DEBB3B78208A752900152C8B;
			productRefGroup = DEBB3B82208A752900152C8B /* Products */;
			projectDirPath = "";
			projectReferences = (
				{
					ProductGroup = DE61103A208B392100AD226F /* Products */;
					ProjectRef = DE611039208B392100AD226F /* Alamofire.xcodeproj */;
				},
				{
					ProductGroup = DE73D84F208B2F0D0079B13E /* Products */;
					ProjectRef = DE73D84E208B2F0D0079B13E /* Promise.xcodeproj */;
				},
				{
					ProductGroup = DE73D85C208B2FBC0079B13E /* Products */;
					ProjectRef = DE73D85B208B2FBC0079B13E /* SwiftyBeaver.xcodeproj */;
				},
				{
					ProductGroup = DE80F09A208B3A0900FB68BC /* Products */;
					ProjectRef = DE80F099208B3A0900FB68BC /* SwiftyJSON.xcodeproj */;
				},
			);
			projectRoot = "";
			targets = (
				DEBB3B80208A752900152C8B /* EZHack */,
			);
		};
/* End PBXProject section */

/* Begin PBXReferenceProxy section */
		DE611045208B392200AD226F /* Alamofire.framework */ = {
			isa = PBXReferenceProxy;
			fileType = wrapper.framework;
			path = Alamofire.framework;
			remoteRef = DE611044208B392200AD226F /* PBXContainerItemProxy */;
			sourceTree = BUILT_PRODUCTS_DIR;
		};
		DE611047208B392200AD226F /* Alamofire iOS Tests.xctest */ = {
			isa = PBXReferenceProxy;
			fileType = wrapper.cfbundle;
			path = "Alamofire iOS Tests.xctest";
			remoteRef = DE611046208B392200AD226F /* PBXContainerItemProxy */;
			sourceTree = BUILT_PRODUCTS_DIR;
		};
		DE611049208B392200AD226F /* Alamofire.framework */ = {
			isa = PBXReferenceProxy;
			fileType = wrapper.framework;
			path = Alamofire.framework;
			remoteRef = DE611048208B392200AD226F /* PBXContainerItemProxy */;
			sourceTree = BUILT_PRODUCTS_DIR;
		};
		DE61104B208B392200AD226F /* Alamofire macOS Tests.xctest */ = {
			isa = PBXReferenceProxy;
			fileType = wrapper.cfbundle;
			path = "Alamofire macOS Tests.xctest";
			remoteRef = DE61104A208B392200AD226F /* PBXContainerItemProxy */;
			sourceTree = BUILT_PRODUCTS_DIR;
		};
		DE61104D208B392200AD226F /* Alamofire.framework */ = {
			isa = PBXReferenceProxy;
			fileType = wrapper.framework;
			path = Alamofire.framework;
			remoteRef = DE61104C208B392200AD226F /* PBXContainerItemProxy */;
			sourceTree = BUILT_PRODUCTS_DIR;
		};
		DE61104F208B392200AD226F /* Alamofire tvOS Tests.xctest */ = {
			isa = PBXReferenceProxy;
			fileType = wrapper.cfbundle;
			path = "Alamofire tvOS Tests.xctest";
			remoteRef = DE61104E208B392200AD226F /* PBXContainerItemProxy */;
			sourceTree = BUILT_PRODUCTS_DIR;
		};
		DE611051208B392200AD226F /* Alamofire.framework */ = {
			isa = PBXReferenceProxy;
			fileType = wrapper.framework;
			path = Alamofire.framework;
			remoteRef = DE611050208B392200AD226F /* PBXContainerItemProxy */;
			sourceTree = BUILT_PRODUCTS_DIR;
		};
		DE73D855208B2F0D0079B13E /* Promise.framework */ = {
			isa = PBXReferenceProxy;
			fileType = wrapper.framework;
			path = Promise.framework;
			remoteRef = DE73D854208B2F0D0079B13E /* PBXContainerItemProxy */;
			sourceTree = BUILT_PRODUCTS_DIR;
		};
		DE73D857208B2F0D0079B13E /* PromiseTests.xctest */ = {
			isa = PBXReferenceProxy;
			fileType = wrapper.cfbundle;
			path = PromiseTests.xctest;
			remoteRef = DE73D856208B2F0D0079B13E /* PBXContainerItemProxy */;
			sourceTree = BUILT_PRODUCTS_DIR;
		};
		DE73D864208B2FBC0079B13E /* SwiftyBeaver.framework */ = {
			isa = PBXReferenceProxy;
			fileType = wrapper.framework;
			path = SwiftyBeaver.framework;
			remoteRef = DE73D863208B2FBC0079B13E /* PBXContainerItemProxy */;
			sourceTree = BUILT_PRODUCTS_DIR;
		};
		DE73D866208B2FBC0079B13E /* SwiftyBeaverTests.xctest */ = {
			isa = PBXReferenceProxy;
			fileType = wrapper.cfbundle;
			path = SwiftyBeaverTests.xctest;
			remoteRef = DE73D865208B2FBC0079B13E /* PBXContainerItemProxy */;
			sourceTree = BUILT_PRODUCTS_DIR;
		};
		DE73D868208B2FBC0079B13E /* SwiftyBeaver.framework */ = {
			isa = PBXReferenceProxy;
			fileType = wrapper.framework;
			path = SwiftyBeaver.framework;
			remoteRef = DE73D867208B2FBC0079B13E /* PBXContainerItemProxy */;
			sourceTree = BUILT_PRODUCTS_DIR;
		};
		DE73D86A208B2FBC0079B13E /* SwiftyBeaver.framework */ = {
			isa = PBXReferenceProxy;
			fileType = wrapper.framework;
			path = SwiftyBeaver.framework;
			remoteRef = DE73D869208B2FBC0079B13E /* PBXContainerItemProxy */;
			sourceTree = BUILT_PRODUCTS_DIR;
		};
		DE73D86C208B2FBC0079B13E /* SwiftyBeaver.framework */ = {
			isa = PBXReferenceProxy;
			fileType = wrapper.framework;
			path = SwiftyBeaver.framework;
			remoteRef = DE73D86B208B2FBC0079B13E /* PBXContainerItemProxy */;
			sourceTree = BUILT_PRODUCTS_DIR;
		};
		DE80F0A5208B3A0900FB68BC /* SwiftyJSON.framework */ = {
			isa = PBXReferenceProxy;
			fileType = wrapper.framework;
			path = SwiftyJSON.framework;
			remoteRef = DE80F0A4208B3A0900FB68BC /* PBXContainerItemProxy */;
			sourceTree = BUILT_PRODUCTS_DIR;
		};
		DE80F0A7208B3A0900FB68BC /* SwiftyJSON iOS Tests.xctest */ = {
			isa = PBXReferenceProxy;
			fileType = wrapper.cfbundle;
			path = "SwiftyJSON iOS Tests.xctest";
			remoteRef = DE80F0A6208B3A0900FB68BC /* PBXContainerItemProxy */;
			sourceTree = BUILT_PRODUCTS_DIR;
		};
		DE80F0A9208B3A0900FB68BC /* SwiftyJSON.framework */ = {
			isa = PBXReferenceProxy;
			fileType = wrapper.framework;
			path = SwiftyJSON.framework;
			remoteRef = DE80F0A8208B3A0900FB68BC /* PBXContainerItemProxy */;
			sourceTree = BUILT_PRODUCTS_DIR;
		};
		DE80F0AB208B3A0900FB68BC /* SwiftyJSON macOS Tests.xctest */ = {
			isa = PBXReferenceProxy;
			fileType = wrapper.cfbundle;
			path = "SwiftyJSON macOS Tests.xctest";
			remoteRef = DE80F0AA208B3A0900FB68BC /* PBXContainerItemProxy */;
			sourceTree = BUILT_PRODUCTS_DIR;
		};
		DE80F0AD208B3A0900FB68BC /* SwiftyJSON.framework */ = {
			isa = PBXReferenceProxy;
			fileType = wrapper.framework;
			path = SwiftyJSON.framework;
			remoteRef = DE80F0AC208B3A0900FB68BC /* PBXContainerItemProxy */;
			sourceTree = BUILT_PRODUCTS_DIR;
		};
		DE80F0AF208B3A0900FB68BC /* SwiftyJSON.framework */ = {
			isa = PBXReferenceProxy;
			fileType = wrapper.framework;
			path = SwiftyJSON.framework;
			remoteRef = DE80F0AE208B3A0900FB68BC /* PBXContainerItemProxy */;
			sourceTree = BUILT_PRODUCTS_DIR;
		};
		DE80F0B1208B3A0900FB68BC /* SwiftyJSON tvOS Tests.xctest */ = {
			isa = PBXReferenceProxy;
			fileType = wrapper.cfbundle;
			path = "SwiftyJSON tvOS Tests.xctest";
			remoteRef = DE80F0B0208B3A0900FB68BC /* PBXContainerItemProxy */;
			sourceTree = BUILT_PRODUCTS_DIR;
		};
/* End PBXReferenceProxy section */

/* Begin PBXResourcesBuildPhase section */
		DEBB3B7F208A752900152C8B /* Resources */ = {
			isa = PBXResourcesBuildPhase;
			buildActionMask = 2147483647;
			files = (
				DEBB3B8F208A752900152C8B /* LaunchScreen.storyboard in Resources */,
				DEBB3B8C208A752900152C8B /* Assets.xcassets in Resources */,
				DEBB3B8A208A752900152C8B /* Main.storyboard in Resources */,
			);
			runOnlyForDeploymentPostprocessing = 0;
		};
/* End PBXResourcesBuildPhase section */

/* Begin PBXShellScriptBuildPhase section */
		5E8BF1551BA1ADD8E51C51A5 /* [CP] Copy Pods Resources */ = {
			isa = PBXShellScriptBuildPhase;
			buildActionMask = 2147483647;
			files = (
			);
			inputPaths = (
				"${SRCROOT}/Pods/Target Support Files/Pods-EZHack/Pods-EZHack-resources.sh",
				"${PODS_ROOT}/GoogleMaps/Maps/Frameworks/GoogleMaps.framework/Resources/GoogleMaps.bundle",
				"${PODS_ROOT}/GooglePlaces/Frameworks/GooglePlaces.framework/Resources/GooglePlaces.bundle",
			);
			name = "[CP] Copy Pods Resources";
			outputPaths = (
				"${TARGET_BUILD_DIR}/${UNLOCALIZED_RESOURCES_FOLDER_PATH}",
			);
			runOnlyForDeploymentPostprocessing = 0;
			shellPath = /bin/sh;
			shellScript = "\"${SRCROOT}/Pods/Target Support Files/Pods-EZHack/Pods-EZHack-resources.sh\"\n";
			showEnvVarsInLog = 0;
		};
		75F832BC791B8A81B0E18708 /* [CP] Embed Pods Frameworks */ = {
			isa = PBXShellScriptBuildPhase;
			buildActionMask = 2147483647;
			files = (
			);
			inputPaths = (
			);
			name = "[CP] Embed Pods Frameworks";
			outputPaths = (
			);
			runOnlyForDeploymentPostprocessing = 0;
			shellPath = /bin/sh;
			shellScript = "\"${SRCROOT}/Pods/Target Support Files/Pods-EZHack/Pods-EZHack-frameworks.sh\"\n";
			showEnvVarsInLog = 0;
		};
		B9C8640164B456C645586721 /* [CP] Check Pods Manifest.lock */ = {
			isa = PBXShellScriptBuildPhase;
			buildActionMask = 2147483647;
			files = (
			);
			inputPaths = (
				"${PODS_PODFILE_DIR_PATH}/Podfile.lock",
				"${PODS_ROOT}/Manifest.lock",
			);
			name = "[CP] Check Pods Manifest.lock";
			outputPaths = (
				"$(DERIVED_FILE_DIR)/Pods-EZHack-checkManifestLockResult.txt",
			);
			runOnlyForDeploymentPostprocessing = 0;
			shellPath = /bin/sh;
			shellScript = "diff \"${PODS_PODFILE_DIR_PATH}/Podfile.lock\" \"${PODS_ROOT}/Manifest.lock\" > /dev/null\nif [ $? != 0 ] ; then\n    # print error to STDERR\n    echo \"error: The sandbox is not in sync with the Podfile.lock. Run 'pod install' or update your CocoaPods installation.\" >&2\n    exit 1\nfi\n# This output is used by Xcode 'outputs' to avoid re-running this script phase.\necho \"SUCCESS\" > \"${SCRIPT_OUTPUT_FILE_0}\"\n";
			showEnvVarsInLog = 0;
		};
/* End PBXShellScriptBuildPhase section */

/* Begin PBXSourcesBuildPhase section */
		DEBB3B7D208A752900152C8B /* Sources */ = {
			isa = PBXSourcesBuildPhase;
			buildActionMask = 2147483647;
			files = (
				DED20F02208B3003002D169D /* LocationManager.swift in Sources */,
				DED20F0C208B3035002D169D /* Promise+Optional.swift in Sources */,
				DE611059208B393E00AD226F /* RequestSender.swift in Sources */,
				DED20F0A208B3031002D169D /* EPType.swift in Sources */,
				DEBB3B87208A752900152C8B /* FeedController.swift in Sources */,
				DED20F08208B302E002D169D /* EPType+Promise.swift in Sources */,
				DE73D85A208B2FAC0079B13E /* Logger.swift in Sources */,
				DE80F08B208B39AC00FB68BC /* PlaceModel.swift in Sources */,
				DED20F03208B3003002D169D /* LocationUpdateListener.swift in Sources */,
				DE611037208B38BD00AD226F /* PlaceProvider.swift in Sources */,
				DEBB3B85208A752900152C8B /* AppDelegate.swift in Sources */,
			);
			runOnlyForDeploymentPostprocessing = 0;
		};
/* End PBXSourcesBuildPhase section */

/* Begin PBXTargetDependency section */
		DE611056208B392F00AD226F /* PBXTargetDependency */ = {
			isa = PBXTargetDependency;
			name = "Alamofire iOS";
			targetProxy = DE611055208B392F00AD226F /* PBXContainerItemProxy */;
		};
		DE80F0B6208B3A1300FB68BC /* PBXTargetDependency */ = {
			isa = PBXTargetDependency;
			name = "SwiftyJSON iOS";
			targetProxy = DE80F0B5208B3A1300FB68BC /* PBXContainerItemProxy */;
		};
		DED20F1A208B3194002D169D /* PBXTargetDependency */ = {
			isa = PBXTargetDependency;
			name = Promise;
			targetProxy = DED20F19208B3194002D169D /* PBXContainerItemProxy */;
		};
		DED20F1E208B3194002D169D /* PBXTargetDependency */ = {
			isa = PBXTargetDependency;
			name = "SwiftyBeaver (iOS)";
			targetProxy = DED20F1D208B3194002D169D /* PBXContainerItemProxy */;
		};
/* End PBXTargetDependency section */

/* Begin PBXVariantGroup section */
		DEBB3B88208A752900152C8B /* Main.storyboard */ = {
			isa = PBXVariantGroup;
			children = (
				DEBB3B89208A752900152C8B /* Base */,
			);
			name = Main.storyboard;
			path = .;
			sourceTree = "<group>";
		};
		DEBB3B8D208A752900152C8B /* LaunchScreen.storyboard */ = {
			isa = PBXVariantGroup;
			children = (
				DEBB3B8E208A752900152C8B /* Base */,
			);
			name = LaunchScreen.storyboard;
			path = .;
			sourceTree = "<group>";
		};
/* End PBXVariantGroup section */

/* Begin XCBuildConfiguration section */
		DEBB3B91208A752900152C8B /* Debug */ = {
			isa = XCBuildConfiguration;
			buildSettings = {
				ALWAYS_SEARCH_USER_PATHS = NO;
				CLANG_ANALYZER_NONNULL = YES;
				CLANG_ANALYZER_NUMBER_OBJECT_CONVERSION = YES_AGGRESSIVE;
				CLANG_CXX_LANGUAGE_STANDARD = "gnu++14";
				CLANG_CXX_LIBRARY = "libc++";
				CLANG_ENABLE_MODULES = YES;
				CLANG_ENABLE_OBJC_ARC = YES;
				CLANG_WARN_BLOCK_CAPTURE_AUTORELEASING = YES;
				CLANG_WARN_BOOL_CONVERSION = YES;
				CLANG_WARN_COMMA = YES;
				CLANG_WARN_CONSTANT_CONVERSION = YES;
				CLANG_WARN_DIRECT_OBJC_ISA_USAGE = YES_ERROR;
				CLANG_WARN_DOCUMENTATION_COMMENTS = YES;
				CLANG_WARN_EMPTY_BODY = YES;
				CLANG_WARN_ENUM_CONVERSION = YES;
				CLANG_WARN_INFINITE_RECURSION = YES;
				CLANG_WARN_INT_CONVERSION = YES;
				CLANG_WARN_NON_LITERAL_NULL_CONVERSION = YES;
				CLANG_WARN_OBJC_LITERAL_CONVERSION = YES;
				CLANG_WARN_OBJC_ROOT_CLASS = YES_ERROR;
				CLANG_WARN_RANGE_LOOP_ANALYSIS = YES;
				CLANG_WARN_STRICT_PROTOTYPES = YES;
				CLANG_WARN_SUSPICIOUS_MOVE = YES;
				CLANG_WARN_UNGUARDED_AVAILABILITY = YES_AGGRESSIVE;
				CLANG_WARN_UNREACHABLE_CODE = YES;
				CLANG_WARN__DUPLICATE_METHOD_MATCH = YES;
				CODE_SIGN_IDENTITY = "iPhone Developer";
				COPY_PHASE_STRIP = NO;
				DEBUG_INFORMATION_FORMAT = dwarf;
				ENABLE_STRICT_OBJC_MSGSEND = YES;
				ENABLE_TESTABILITY = YES;
				GCC_C_LANGUAGE_STANDARD = gnu11;
				GCC_DYNAMIC_NO_PIC = NO;
				GCC_NO_COMMON_BLOCKS = YES;
				GCC_OPTIMIZATION_LEVEL = 0;
				GCC_PREPROCESSOR_DEFINITIONS = (
					"DEBUG=1",
					"$(inherited)",
				);
				GCC_WARN_64_TO_32_BIT_CONVERSION = YES;
				GCC_WARN_ABOUT_RETURN_TYPE = YES_ERROR;
				GCC_WARN_UNDECLARED_SELECTOR = YES;
				GCC_WARN_UNINITIALIZED_AUTOS = YES_AGGRESSIVE;
				GCC_WARN_UNUSED_FUNCTION = YES;
				GCC_WARN_UNUSED_VARIABLE = YES;
				IPHONEOS_DEPLOYMENT_TARGET = 11.2;
				MTL_ENABLE_DEBUG_INFO = YES;
				ONLY_ACTIVE_ARCH = YES;
				OTHER_LDFLAGS = "";
				SDKROOT = iphoneos;
				SWIFT_ACTIVE_COMPILATION_CONDITIONS = DEBUG;
				SWIFT_OPTIMIZATION_LEVEL = "-Onone";
			};
			name = Debug;
		};
		DEBB3B92208A752900152C8B /* Release */ = {
			isa = XCBuildConfiguration;
			buildSettings = {
				ALWAYS_SEARCH_USER_PATHS = NO;
				CLANG_ANALYZER_NONNULL = YES;
				CLANG_ANALYZER_NUMBER_OBJECT_CONVERSION = YES_AGGRESSIVE;
				CLANG_CXX_LANGUAGE_STANDARD = "gnu++14";
				CLANG_CXX_LIBRARY = "libc++";
				CLANG_ENABLE_MODULES = YES;
				CLANG_ENABLE_OBJC_ARC = YES;
				CLANG_WARN_BLOCK_CAPTURE_AUTORELEASING = YES;
				CLANG_WARN_BOOL_CONVERSION = YES;
				CLANG_WARN_COMMA = YES;
				CLANG_WARN_CONSTANT_CONVERSION = YES;
				CLANG_WARN_DIRECT_OBJC_ISA_USAGE = YES_ERROR;
				CLANG_WARN_DOCUMENTATION_COMMENTS = YES;
				CLANG_WARN_EMPTY_BODY = YES;
				CLANG_WARN_ENUM_CONVERSION = YES;
				CLANG_WARN_INFINITE_RECURSION = YES;
				CLANG_WARN_INT_CONVERSION = YES;
				CLANG_WARN_NON_LITERAL_NULL_CONVERSION = YES;
				CLANG_WARN_OBJC_LITERAL_CONVERSION = YES;
				CLANG_WARN_OBJC_ROOT_CLASS = YES_ERROR;
				CLANG_WARN_RANGE_LOOP_ANALYSIS = YES;
				CLANG_WARN_STRICT_PROTOTYPES = YES;
				CLANG_WARN_SUSPICIOUS_MOVE = YES;
				CLANG_WARN_UNGUARDED_AVAILABILITY = YES_AGGRESSIVE;
				CLANG_WARN_UNREACHABLE_CODE = YES;
				CLANG_WARN__DUPLICATE_METHOD_MATCH = YES;
				CODE_SIGN_IDENTITY = "iPhone Developer";
				COPY_PHASE_STRIP = NO;
				DEBUG_INFORMATION_FORMAT = "dwarf-with-dsym";
				ENABLE_NS_ASSERTIONS = NO;
				ENABLE_STRICT_OBJC_MSGSEND = YES;
				GCC_C_LANGUAGE_STANDARD = gnu11;
				GCC_NO_COMMON_BLOCKS = YES;
				GCC_WARN_64_TO_32_BIT_CONVERSION = YES;
				GCC_WARN_ABOUT_RETURN_TYPE = YES_ERROR;
				GCC_WARN_UNDECLARED_SELECTOR = YES;
				GCC_WARN_UNINITIALIZED_AUTOS = YES_AGGRESSIVE;
				GCC_WARN_UNUSED_FUNCTION = YES;
				GCC_WARN_UNUSED_VARIABLE = YES;
				IPHONEOS_DEPLOYMENT_TARGET = 11.2;
				MTL_ENABLE_DEBUG_INFO = NO;
				OTHER_LDFLAGS = "";
				SDKROOT = iphoneos;
				SWIFT_OPTIMIZATION_LEVEL = "-Owholemodule";
				VALIDATE_PRODUCT = YES;
			};
			name = Release;
		};
		DEBB3B94208A752900152C8B /* Debug */ = {
			isa = XCBuildConfiguration;
			baseConfigurationReference = D8ECF0B79B468DAADB8A320E /* Pods-EZHack.debug.xcconfig */;
			buildSettings = {
				ALWAYS_EMBED_SWIFT_STANDARD_LIBRARIES = YES;
				ASSETCATALOG_COMPILER_APPICON_NAME = AppIcon;
				CODE_SIGN_STYLE = Automatic;
				DEVELOPMENT_TEAM = VD97XKT54M;
				FRAMEWORK_SEARCH_PATHS = "$(inherited)";
				INFOPLIST_FILE = EZHack/Info.plist;
				LD_RUNPATH_SEARCH_PATHS = "$(inherited) @executable_path/Frameworks";
				PRODUCT_BUNDLE_IDENTIFIER = own2pwn.pp.EZHack;
				PRODUCT_NAME = "$(TARGET_NAME)";
				SWIFT_VERSION = 4.0;
				TARGETED_DEVICE_FAMILY = "1,2";
			};
			name = Debug;
		};
		DEBB3B95208A752900152C8B /* Release */ = {
			isa = XCBuildConfiguration;
			baseConfigurationReference = 7531A13DC240221D20214AFB /* Pods-EZHack.release.xcconfig */;
			buildSettings = {
				ALWAYS_EMBED_SWIFT_STANDARD_LIBRARIES = YES;
				ASSETCATALOG_COMPILER_APPICON_NAME = AppIcon;
				CODE_SIGN_STYLE = Automatic;
				DEVELOPMENT_TEAM = VD97XKT54M;
				FRAMEWORK_SEARCH_PATHS = "$(inherited)";
				INFOPLIST_FILE = EZHack/Info.plist;
				LD_RUNPATH_SEARCH_PATHS = "$(inherited) @executable_path/Frameworks";
				PRODUCT_BUNDLE_IDENTIFIER = own2pwn.pp.EZHack;
				PRODUCT_NAME = "$(TARGET_NAME)";
				SWIFT_VERSION = 4.0;
				TARGETED_DEVICE_FAMILY = "1,2";
			};
			name = Release;
		};
/* End XCBuildConfiguration section */

/* Begin XCConfigurationList section */
		DEBB3B7C208A752900152C8B /* Build configuration list for PBXProject "EZHack" */ = {
			isa = XCConfigurationList;
			buildConfigurations = (
				DEBB3B91208A752900152C8B /* Debug */,
				DEBB3B92208A752900152C8B /* Release */,
			);
			defaultConfigurationIsVisible = 0;
			defaultConfigurationName = Release;
		};
		DEBB3B93208A752900152C8B /* Build configuration list for PBXNativeTarget "EZHack" */ = {
			isa = XCConfigurationList;
			buildConfigurations = (
				DEBB3B94208A752900152C8B /* Debug */,
				DEBB3B95208A752900152C8B /* Release */,
			);
			defaultConfigurationIsVisible = 0;
			defaultConfigurationName = Release;
		};
/* End XCConfigurationList section */
	};
	rootObject = DEBB3B79208A752900152C8B /* Project object */;
}
